// !$*UTF8*$!
{
	archiveVersion = 1;
	classes = {
	};
	objectVersion = 55;
	objects = {

/* Begin PBXBuildFile section */
		4B23EBD427E9A948003F6F60 /* AppDelegate.swift in Sources */ = {isa = PBXBuildFile; fileRef = 4B23EBD327E9A948003F6F60 /* AppDelegate.swift */; };
		4B23EBD627E9A948003F6F60 /* SceneDelegate.swift in Sources */ = {isa = PBXBuildFile; fileRef = 4B23EBD527E9A948003F6F60 /* SceneDelegate.swift */; };
		4B23EBD827E9A948003F6F60 /* ViewController.swift in Sources */ = {isa = PBXBuildFile; fileRef = 4B23EBD727E9A948003F6F60 /* ViewController.swift */; };
		4B23EBDB27E9A948003F6F60 /* Main.storyboard in Resources */ = {isa = PBXBuildFile; fileRef = 4B23EBD927E9A948003F6F60 /* Main.storyboard */; };
		4B23EBDD27E9A949003F6F60 /* Assets.xcassets in Resources */ = {isa = PBXBuildFile; fileRef = 4B23EBDC27E9A949003F6F60 /* Assets.xcassets */; };
		4B23EBE027E9A949003F6F60 /* LaunchScreen.storyboard in Resources */ = {isa = PBXBuildFile; fileRef = 4B23EBDE27E9A949003F6F60 /* LaunchScreen.storyboard */; };
		4B23EBEC27E9A96E003F6F60 /* WebViewJavascriptBridge.swift in Sources */ = {isa = PBXBuildFile; fileRef = 4B23EBE827E9A96E003F6F60 /* WebViewJavascriptBridge.swift */; };
		4B23EBEF27E9A96E003F6F60 /* WebViewJavascriptBridgeBase.swift in Sources */ = {isa = PBXBuildFile; fileRef = 4B23EBEB27E9A96E003F6F60 /* WebViewJavascriptBridgeBase.swift */; };
		4B23EBF127E9AB5B003F6F60 /* WebViewController.swift in Sources */ = {isa = PBXBuildFile; fileRef = 4B23EBF027E9AB5B003F6F60 /* WebViewController.swift */; };
		4B23EBF327E9AF14003F6F60 /* Demo.html in Resources */ = {isa = PBXBuildFile; fileRef = 4B23EBF227E9AF14003F6F60 /* Demo.html */; };
		EF35D15C28369823007848B4 /* SDBridge.js in Resources */ = {isa = PBXBuildFile; fileRef = EF35D15B28369823007848B4 /* SDBridge.js */; };
		EF35D15E28369828007848B4 /* index.html in Resources */ = {isa = PBXBuildFile; fileRef = EF35D15D28369828007848B4 /* index.html */; };
		EF564796282E800400C78FF3 /* JavascriptCode.swift in Sources */ = {isa = PBXBuildFile; fileRef = EF564795282E800400C78FF3 /* JavascriptCode.swift */; };
/* End PBXBuildFile section */

/* Begin PBXFileReference section */
		4B23EBD027E9A948003F6F60 /* JavascriptBridgeSwift.app */ = {isa = PBXFileReference; explicitFileType = wrapper.application; includeInIndex = 0; path = JavascriptBridgeSwift.app; sourceTree = BUILT_PRODUCTS_DIR; };
		4B23EBD327E9A948003F6F60 /* AppDelegate.swift */ = {isa = PBXFileReference; lastKnownFileType = sourcecode.swift; path = AppDelegate.swift; sourceTree = "<group>"; };
		4B23EBD527E9A948003F6F60 /* SceneDelegate.swift */ = {isa = PBXFileReference; lastKnownFileType = sourcecode.swift; path = SceneDelegate.swift; sourceTree = "<group>"; };
		4B23EBD727E9A948003F6F60 /* ViewController.swift */ = {isa = PBXFileReference; lastKnownFileType = sourcecode.swift; path = ViewController.swift; sourceTree = "<group>"; };
		4B23EBDA27E9A948003F6F60 /* Base */ = {isa = PBXFileReference; lastKnownFileType = file.storyboard; name = Base; path = Base.lproj/Main.storyboard; sourceTree = "<group>"; };
		4B23EBDC27E9A949003F6F60 /* Assets.xcassets */ = {isa = PBXFileReference; lastKnownFileType = folder.assetcatalog; path = Assets.xcassets; sourceTree = "<group>"; };
		4B23EBDF27E9A949003F6F60 /* Base */ = {isa = PBXFileReference; lastKnownFileType = file.storyboard; name = Base; path = Base.lproj/LaunchScreen.storyboard; sourceTree = "<group>"; };
		4B23EBE127E9A949003F6F60 /* Info.plist */ = {isa = PBXFileReference; lastKnownFileType = text.plist.xml; path = Info.plist; sourceTree = "<group>"; };
		4B23EBE827E9A96E003F6F60 /* WebViewJavascriptBridge.swift */ = {isa = PBXFileReference; fileEncoding = 4; lastKnownFileType = sourcecode.swift; path = WebViewJavascriptBridge.swift; sourceTree = "<group>"; };
		4B23EBEB27E9A96E003F6F60 /* WebViewJavascriptBridgeBase.swift */ = {isa = PBXFileReference; fileEncoding = 4; lastKnownFileType = sourcecode.swift; path = WebViewJavascriptBridgeBase.swift; sourceTree = "<group>"; };
		4B23EBF027E9AB5B003F6F60 /* WebViewController.swift */ = {isa = PBXFileReference; lastKnownFileType = sourcecode.swift; path = WebViewController.swift; sourceTree = "<group>"; };
		4B23EBF227E9AF14003F6F60 /* Demo.html */ = {isa = PBXFileReference; fileEncoding = 4; lastKnownFileType = text.html; path = Demo.html; sourceTree = "<group>"; };
		EF35D15B28369823007848B4 /* SDBridge.js */ = {isa = PBXFileReference; fileEncoding = 4; lastKnownFileType = sourcecode.javascript; path = SDBridge.js; sourceTree = "<group>"; };
		EF35D15D28369828007848B4 /* index.html */ = {isa = PBXFileReference; fileEncoding = 4; lastKnownFileType = text.html; path = index.html; sourceTree = "<group>"; };
		EF564795282E800400C78FF3 /* JavascriptCode.swift */ = {isa = PBXFileReference; lastKnownFileType = sourcecode.swift; path = JavascriptCode.swift; sourceTree = "<group>"; };
/* End PBXFileReference section */

/* Begin PBXFrameworksBuildPhase section */
		4B23EBCD27E9A948003F6F60 /* Frameworks */ = {
			isa = PBXFrameworksBuildPhase;
			buildActionMask = 2147483647;
			files = (
			);
			runOnlyForDeploymentPostprocessing = 0;
		};
/* End PBXFrameworksBuildPhase section */

/* Begin PBXGroup section */
		4B23EBC727E9A947003F6F60 = {
			isa = PBXGroup;
			children = (
				4B23EBD227E9A948003F6F60 /* JavascriptBridgeSwift */,
				4B23EBD127E9A948003F6F60 /* Products */,
			);
			sourceTree = "<group>";
		};
		4B23EBD127E9A948003F6F60 /* Products */ = {
			isa = PBXGroup;
			children = (
				4B23EBD027E9A948003F6F60 /* JavascriptBridgeSwift.app */,
			);
			name = Products;
			sourceTree = "<group>";
		};
		4B23EBD227E9A948003F6F60 /* JavascriptBridgeSwift */ = {
			isa = PBXGroup;
			children = (
				4B23EBE727E9A96E003F6F60 /* WebViewJavascriptBridge */,
				4B23EBD327E9A948003F6F60 /* AppDelegate.swift */,
				4B23EBD527E9A948003F6F60 /* SceneDelegate.swift */,
				4B23EBD727E9A948003F6F60 /* ViewController.swift */,
				4B23EBF027E9AB5B003F6F60 /* WebViewController.swift */,
				4B23EBF227E9AF14003F6F60 /* Demo.html */,
				EF35D15B28369823007848B4 /* SDBridge.js */,
				EF35D15D28369828007848B4 /* index.html */,
				4B23EBD927E9A948003F6F60 /* Main.storyboard */,
				4B23EBDC27E9A949003F6F60 /* Assets.xcassets */,
				4B23EBDE27E9A949003F6F60 /* LaunchScreen.storyboard */,
				4B23EBE127E9A949003F6F60 /* Info.plist */,
			);
			path = JavascriptBridgeSwift;
			sourceTree = "<group>";
		};
		4B23EBE727E9A96E003F6F60 /* WebViewJavascriptBridge */ = {
			isa = PBXGroup;
			children = (
				4B23EBE827E9A96E003F6F60 /* WebViewJavascriptBridge.swift */,
				EF564795282E800400C78FF3 /* JavascriptCode.swift */,
				4B23EBEB27E9A96E003F6F60 /* WebViewJavascriptBridgeBase.swift */,
			);
			path = WebViewJavascriptBridge;
			sourceTree = "<group>";
		};
/* End PBXGroup section */

/* Begin PBXNativeTarget section */
		4B23EBCF27E9A948003F6F60 /* JavascriptBridgeSwift */ = {
			isa = PBXNativeTarget;
			buildConfigurationList = 4B23EBE427E9A949003F6F60 /* Build configuration list for PBXNativeTarget "JavascriptBridgeSwift" */;
			buildPhases = (
				4B23EBCC27E9A948003F6F60 /* Sources */,
				4B23EBCD27E9A948003F6F60 /* Frameworks */,
				4B23EBCE27E9A948003F6F60 /* Resources */,
			);
			buildRules = (
			);
			dependencies = (
			);
			name = JavascriptBridgeSwift;
			productName = JavascriptBridgeSwift;
			productReference = 4B23EBD027E9A948003F6F60 /* JavascriptBridgeSwift.app */;
			productType = "com.apple.product-type.application";
		};
/* End PBXNativeTarget section */

/* Begin PBXProject section */
		4B23EBC827E9A947003F6F60 /* Project object */ = {
			isa = PBXProject;
			attributes = {
				BuildIndependentTargetsInParallel = 1;
				LastSwiftUpdateCheck = 1320;
				LastUpgradeCheck = 1320;
				TargetAttributes = {
					4B23EBCF27E9A948003F6F60 = {
						CreatedOnToolsVersion = 13.2.1;
					};
				};
			};
			buildConfigurationList = 4B23EBCB27E9A947003F6F60 /* Build configuration list for PBXProject "JavascriptBridgeSwift" */;
			compatibilityVersion = "Xcode 13.0";
			developmentRegion = en;
			hasScannedForEncodings = 0;
			knownRegions = (
				en,
				Base,
			);
			mainGroup = 4B23EBC727E9A947003F6F60;
			productRefGroup = 4B23EBD127E9A948003F6F60 /* Products */;
			projectDirPath = "";
			projectRoot = "";
			targets = (
				4B23EBCF27E9A948003F6F60 /* JavascriptBridgeSwift */,
			);
		};
/* End PBXProject section */

/* Begin PBXResourcesBuildPhase section */
		4B23EBCE27E9A948003F6F60 /* Resources */ = {
			isa = PBXResourcesBuildPhase;
			buildActionMask = 2147483647;
			files = (
				4B23EBE027E9A949003F6F60 /* LaunchScreen.storyboard in Resources */,
				EF35D15C28369823007848B4 /* SDBridge.js in Resources */,
				4B23EBDD27E9A949003F6F60 /* Assets.xcassets in Resources */,
				EF35D15E28369828007848B4 /* index.html in Resources */,
				4B23EBDB27E9A948003F6F60 /* Main.storyboard in Resources */,
				4B23EBF327E9AF14003F6F60 /* Demo.html in Resources */,
			);
			runOnlyForDeploymentPostprocessing = 0;
		};
/* End PBXResourcesBuildPhase section */

/* Begin PBXSourcesBuildPhase section */
		4B23EBCC27E9A948003F6F60 /* Sources */ = {
			isa = PBXSourcesBuildPhase;
			buildActionMask = 2147483647;
			files = (
				4B23EBD827E9A948003F6F60 /* ViewController.swift in Sources */,
				4B23EBF127E9AB5B003F6F60 /* WebViewController.swift in Sources */,
				4B23EBEF27E9A96E003F6F60 /* WebViewJavascriptBridgeBase.swift in Sources */,
				4B23EBEC27E9A96E003F6F60 /* WebViewJavascriptBridge.swift in Sources */,
				4B23EBD427E9A948003F6F60 /* AppDelegate.swift in Sources */,
				EF564796282E800400C78FF3 /* JavascriptCode.swift in Sources */,
				4B23EBD627E9A948003F6F60 /* SceneDelegate.swift in Sources */,
			);
			runOnlyForDeploymentPostprocessing = 0;
		};
/* End PBXSourcesBuildPhase section */

/* Begin PBXVariantGroup section */
		4B23EBD927E9A948003F6F60 /* Main.storyboard */ = {
			isa = PBXVariantGroup;
			children = (
				4B23EBDA27E9A948003F6F60 /* Base */,
			);
			name = Main.storyboard;
			sourceTree = "<group>";
		};
		4B23EBDE27E9A949003F6F60 /* LaunchScreen.storyboard */ = {
			isa = PBXVariantGroup;
			children = (
				4B23EBDF27E9A949003F6F60 /* Base */,
			);
			name = LaunchScreen.storyboard;
			sourceTree = "<group>";
		};
/* End PBXVariantGroup section */

/* Begin XCBuildConfiguration section */
		4B23EBE227E9A949003F6F60 /* Debug */ = {
			isa = XCBuildConfiguration;
			buildSettings = {
				ALWAYS_SEARCH_USER_PATHS = NO;
				CLANG_ANALYZER_NONNULL = YES;
				CLANG_ANALYZER_NUMBER_OBJECT_CONVERSION = YES_AGGRESSIVE;
				CLANG_CXX_LANGUAGE_STANDARD = "gnu++17";
				CLANG_CXX_LIBRARY = "libc++";
				CLANG_ENABLE_MODULES = YES;
				CLANG_ENABLE_OBJC_ARC = YES;
				CLANG_ENABLE_OBJC_WEAK = YES;
				CLANG_WARN_BLOCK_CAPTURE_AUTORELEASING = YES;
				CLANG_WARN_BOOL_CONVERSION = YES;
				CLANG_WARN_COMMA = YES;
				CLANG_WARN_CONSTANT_CONVERSION = YES;
				CLANG_WARN_DEPRECATED_OBJC_IMPLEMENTATIONS = YES;
				CLANG_WARN_DIRECT_OBJC_ISA_USAGE = YES_ERROR;
				CLANG_WARN_DOCUMENTATION_COMMENTS = YES;
				CLANG_WARN_EMPTY_BODY = YES;
				CLANG_WARN_ENUM_CONVERSION = YES;
				CLANG_WARN_INFINITE_RECURSION = YES;
				CLANG_WARN_INT_CONVERSION = YES;
				CLANG_WARN_NON_LITERAL_NULL_CONVERSION = YES;
				CLANG_WARN_OBJC_IMPLICIT_RETAIN_SELF = YES;
				CLANG_WARN_OBJC_LITERAL_CONVERSION = YES;
				CLANG_WARN_OBJC_ROOT_CLASS = YES_ERROR;
				CLANG_WARN_QUOTED_INCLUDE_IN_FRAMEWORK_HEADER = YES;
				CLANG_WARN_RANGE_LOOP_ANALYSIS = YES;
				CLANG_WARN_STRICT_PROTOTYPES = YES;
				CLANG_WARN_SUSPICIOUS_MOVE = YES;
				CLANG_WARN_UNGUARDED_AVAILABILITY = YES_AGGRESSIVE;
				CLANG_WARN_UNREACHABLE_CODE = YES;
				CLANG_WARN__DUPLICATE_METHOD_MATCH = YES;
				COPY_PHASE_STRIP = NO;
				DEBUG_INFORMATION_FORMAT = dwarf;
				ENABLE_STRICT_OBJC_MSGSEND = YES;
				ENABLE_TESTABILITY = YES;
				GCC_C_LANGUAGE_STANDARD = gnu11;
				GCC_DYNAMIC_NO_PIC = NO;
				GCC_NO_COMMON_BLOCKS = YES;
				GCC_OPTIMIZATION_LEVEL = 0;
				GCC_PREPROCESSOR_DEFINITIONS = (
					"DEBUG=1",
					"$(inherited)",
				);
				GCC_WARN_64_TO_32_BIT_CONVERSION = YES;
				GCC_WARN_ABOUT_RETURN_TYPE = YES_ERROR;
				GCC_WARN_UNDECLARED_SELECTOR = YES;
				GCC_WARN_UNINITIALIZED_AUTOS = YES_AGGRESSIVE;
				GCC_WARN_UNUSED_FUNCTION = YES;
				GCC_WARN_UNUSED_VARIABLE = YES;
				IPHONEOS_DEPLOYMENT_TARGET = 15.2;
				MTL_ENABLE_DEBUG_INFO = INCLUDE_SOURCE;
				MTL_FAST_MATH = YES;
				ONLY_ACTIVE_ARCH = YES;
				SDKROOT = iphoneos;
				SWIFT_ACTIVE_COMPILATION_CONDITIONS = DEBUG;
				SWIFT_OPTIMIZATION_LEVEL = "-Onone";
			};
			name = Debug;
		};
		4B23EBE327E9A949003F6F60 /* Release */ = {
			isa = XCBuildConfiguration;
			buildSettings = {
				ALWAYS_SEARCH_USER_PATHS = NO;
				CLANG_ANALYZER_NONNULL = YES;
				CLANG_ANALYZER_NUMBER_OBJECT_CONVERSION = YES_AGGRESSIVE;
				CLANG_CXX_LANGUAGE_STANDARD = "gnu++17";
				CLANG_CXX_LIBRARY = "libc++";
				CLANG_ENABLE_MODULES = YES;
				CLANG_ENABLE_OBJC_ARC = YES;
				CLANG_ENABLE_OBJC_WEAK = YES;
				CLANG_WARN_BLOCK_CAPTURE_AUTORELEASING = YES;
				CLANG_WARN_BOOL_CONVERSION = YES;
				CLANG_WARN_COMMA = YES;
				CLANG_WARN_CONSTANT_CONVERSION = YES;
				CLANG_WARN_DEPRECATED_OBJC_IMPLEMENTATIONS = YES;
				CLANG_WARN_DIRECT_OBJC_ISA_USAGE = YES_ERROR;
				CLANG_WARN_DOCUMENTATION_COMMENTS = YES;
				CLANG_WARN_EMPTY_BODY = YES;
				CLANG_WARN_ENUM_CONVERSION = YES;
				CLANG_WARN_INFINITE_RECURSION = YES;
				CLANG_WARN_INT_CONVERSION = YES;
				CLANG_WARN_NON_LITERAL_NULL_CONVERSION = YES;
				CLANG_WARN_OBJC_IMPLICIT_RETAIN_SELF = YES;
				CLANG_WARN_OBJC_LITERAL_CONVERSION = YES;
				CLANG_WARN_OBJC_ROOT_CLASS = YES_ERROR;
				CLANG_WARN_QUOTED_INCLUDE_IN_FRAMEWORK_HEADER = YES;
				CLANG_WARN_RANGE_LOOP_ANALYSIS = YES;
				CLANG_WARN_STRICT_PROTOTYPES = YES;
				CLANG_WARN_SUSPICIOUS_MOVE = YES;
				CLANG_WARN_UNGUARDED_AVAILABILITY = YES_AGGRESSIVE;
				CLANG_WARN_UNREACHABLE_CODE = YES;
				CLANG_WARN__DUPLICATE_METHOD_MATCH = YES;
				COPY_PHASE_STRIP = NO;
				DEBUG_INFORMATION_FORMAT = "dwarf-with-dsym";
				ENABLE_NS_ASSERTIONS = NO;
				ENABLE_STRICT_OBJC_MSGSEND = YES;
				GCC_C_LANGUAGE_STANDARD = gnu11;
				GCC_NO_COMMON_BLOCKS = YES;
				GCC_WARN_64_TO_32_BIT_CONVERSION = YES;
				GCC_WARN_ABOUT_RETURN_TYPE = YES_ERROR;
				GCC_WARN_UNDECLARED_SELECTOR = YES;
				GCC_WARN_UNINITIALIZED_AUTOS = YES_AGGRESSIVE;
				GCC_WARN_UNUSED_FUNCTION = YES;
				GCC_WARN_UNUSED_VARIABLE = YES;
				IPHONEOS_DEPLOYMENT_TARGET = 15.2;
				MTL_ENABLE_DEBUG_INFO = NO;
				MTL_FAST_MATH = YES;
				SDKROOT = iphoneos;
				SWIFT_COMPILATION_MODE = wholemodule;
				SWIFT_OPTIMIZATION_LEVEL = "-O";
				VALIDATE_PRODUCT = YES;
			};
			name = Release;
		};
		4B23EBE527E9A949003F6F60 /* Debug */ = {
			isa = XCBuildConfiguration;
			buildSettings = {
				ASSETCATALOG_COMPILER_APPICON_NAME = AppIcon;
				ASSETCATALOG_COMPILER_GLOBAL_ACCENT_COLOR_NAME = AccentColor;
				CODE_SIGN_STYLE = Automatic;
				CURRENT_PROJECT_VERSION = 1;
				GENERATE_INFOPLIST_FILE = YES;
				INFOPLIST_FILE = JavascriptBridgeSwift/Info.plist;
				INFOPLIST_KEY_UIApplicationSupportsIndirectInputEvents = YES;
				INFOPLIST_KEY_UILaunchStoryboardName = LaunchScreen;
				INFOPLIST_KEY_UIMainStoryboardFile = Main;
				INFOPLIST_KEY_UISupportedInterfaceOrientations_iPad = "UIInterfaceOrientationPortrait UIInterfaceOrientationPortraitUpsideDown UIInterfaceOrientationLandscapeLeft UIInterfaceOrientationLandscapeRight";
				INFOPLIST_KEY_UISupportedInterfaceOrientations_iPhone = "UIInterfaceOrientationPortrait UIInterfaceOrientationLandscapeLeft UIInterfaceOrientationLandscapeRight";
				IPHONEOS_DEPLOYMENT_TARGET = 13.0;
				LD_RUNPATH_SEARCH_PATHS = (
					"$(inherited)",
					"@executable_path/Frameworks",
				);
				MARKETING_VERSION = 1.0;
				PRODUCT_BUNDLE_IDENTIFIER = com.sk.JavascriptBridgeSwift;
				PRODUCT_NAME = "$(TARGET_NAME)";
				SWIFT_EMIT_LOC_STRINGS = YES;
				SWIFT_VERSION = 5.0;
				TARGETED_DEVICE_FAMILY = "1,2";
			};
			name = Debug;
		};
		4B23EBE627E9A949003F6F60 /* Release */ = {
			isa = XCBuildConfiguration;
			buildSettings = {
				ASSETCATALOG_COMPILER_APPICON_NAME = AppIcon;
				ASSETCATALOG_COMPILER_GLOBAL_ACCENT_COLOR_NAME = AccentColor;
				CODE_SIGN_STYLE = Automatic;
				CURRENT_PROJECT_VERSION = 1;
				GENERATE_INFOPLIST_FILE = YES;
				INFOPLIST_FILE = JavascriptBridgeSwift/Info.plist;
				INFOPLIST_KEY_UIApplicationSupportsIndirectInputEvents = YES;
				INFOPLIST_KEY_UILaunchStoryboardName = LaunchScreen;
				INFOPLIST_KEY_UIMainStoryboardFile = Main;
				INFOPLIST_KEY_UISupportedInterfaceOrientations_iPad = "UIInterfaceOrientationPortrait UIInterfaceOrientationPortraitUpsideDown UIInterfaceOrientationLandscapeLeft UIInterfaceOrientationLandscapeRight";
				INFOPLIST_KEY_UISupportedInterfaceOrientations_iPhone = "UIInterfaceOrientationPortrait UIInterfaceOrientationLandscapeLeft UIInterfaceOrientationLandscapeRight";
				IPHONEOS_DEPLOYMENT_TARGET = 13.0;
				LD_RUNPATH_SEARCH_PATHS = (
					"$(inherited)",
					"@executable_path/Frameworks",
				);
				MARKETING_VERSION = 1.0;
				PRODUCT_BUNDLE_IDENTIFIER = com.sk.JavascriptBridgeSwift;
				PRODUCT_NAME = "$(TARGET_NAME)";
				SWIFT_EMIT_LOC_STRINGS = YES;
				SWIFT_VERSION = 5.0;
				TARGETED_DEVICE_FAMILY = "1,2";
			};
			name = Release;
		};
/* End XCBuildConfiguration section */

/* Begin XCConfigurationList section */
		4B23EBCB27E9A947003F6F60 /* Build configuration list for PBXProject "JavascriptBridgeSwift" */ = {
			isa = XCConfigurationList;
			buildConfigurations = (
				4B23EBE227E9A949003F6F60 /* Debug */,
				4B23EBE327E9A949003F6F60 /* Release */,
			);
			defaultConfigurationIsVisible = 0;
			defaultConfigurationName = Release;
		};
		4B23EBE427E9A949003F6F60 /* Build configuration list for PBXNativeTarget "JavascriptBridgeSwift" */ = {
			isa = XCConfigurationList;
			buildConfigurations = (
				4B23EBE527E9A949003F6F60 /* Debug */,
				4B23EBE627E9A949003F6F60 /* Release */,
			);
			defaultConfigurationIsVisible = 0;
			defaultConfigurationName = Release;
		};
/* End XCConfigurationList section */
	};
	rootObject = 4B23EBC827E9A947003F6F60 /* Project object */;
}
